
Microsoft Visual Studio Solution File, Format Version 12.00
# Visual Studio Version 17
VisualStudioVersion = 17.3.32929.385
MinimumVisualStudioVersion = 10.0.40219.1
Project("{FAE04EC0-301F-11D3-BF4B-00C04F79EFBC}") = "GameServerTTT", "GameServerTTT.csproj", "{EE0F168D-6AB4-4B29-BCF3-6D160E96303B}"
EndProject
Global
	GlobalSection(SolutionConfigurationPlatforms) = preSolution
		Debug|Any CPU = Debug|Any CPU
		Release|Any CPU = Release|Any CPU
	EndGlobalSection
	GlobalSection(ProjectConfigurationPlatforms) = postSolution
		{EE0F168D-6AB4-4B29-BCF3-6D160E96303B}.Debug|Any CPU.ActiveCfg = Debug|Any CPU
		{EE0F168D-6AB4-4B29-BCF3-6D160E96303B}.Debug|Any CPU.Build.0 = Debug|Any CPU
		{EE0F168D-6AB4-4B29-BCF3-6D160E96303B}.Release|Any CPU.ActiveCfg = Release|Any CPU
		{EE0F168D-6AB4-4B29-BCF3-6D160E96303B}.Release|Any CPU.Build.0 = Release|Any CPU
	EndGlobalSection
	GlobalSection(SolutionProperties) = preSolution
		HideSolutionNode = FALSE
	EndGlobalSection
	GlobalSection(ExtensibilityGlobals) = postSolution
		SolutionGuid = {E1058771-7910-4ABF-9C17-8405C4600960}
	EndGlobalSection
EndGlobal
